
Microsoft Visual Studio Solution File, Format Version 12.00
# Visual Studio Version 17
VisualStudioVersion = 17.7.34003.232
MinimumVisualStudioVersion = 10.0.40219.1
Project("{8BC9CEB8-8B4A-11D0-8D11-00A0C91BC942}") = "errorGL", "errorGL\errorGL.vcxproj", "{ED49A933-8E08-48D1-99D9-AAEFE0845472}"
EndProject
Global
	GlobalSection(SolutionConfigurationPlatforms) = preSolution
		Debug|x64 = Debug|x64
		Debug|x86 = Debug|x86
		Release|x64 = Release|x64
		Release|x86 = Release|x86
	EndGlobalSection
	GlobalSection(ProjectConfigurationPlatforms) = postSolution
		{ED49A933-8E08-48D1-99D9-AAEFE0845472}.Debug|x64.ActiveCfg = Debug|x64
		{ED49A933-8E08-48D1-99D9-AAEFE0845472}.Debug|x64.Build.0 = Debug|x64
		{ED49A933-8E08-48D1-99D9-AAEFE0845472}.Debug|x86.ActiveCfg = Debug|Win32
		{ED49A933-8E08-48D1-99D9-AAEFE0845472}.Debug|x86.Build.0 = Debug|Win32
		{ED49A933-8E08-48D1-99D9-AAEFE0845472}.Release|x64.ActiveCfg = Release|x64
		{ED49A933-8E08-48D1-99D9-AAEFE0845472}.Release|x64.Build.0 = Release|x64
		{ED49A933-8E08-48D1-99D9-AAEFE0845472}.Release|x86.ActiveCfg = Release|Win32
		{ED49A933-8E08-48D1-99D9-AAEFE0845472}.Release|x86.Build.0 = Release|Win32
	EndGlobalSection
	GlobalSection(SolutionProperties) = preSolution
		HideSolutionNode = FALSE
	EndGlobalSection
	GlobalSection(ExtensibilityGlobals) = postSolution
		SolutionGuid = {DB6181A5-C2CE-4C0E-AB39-94B6629DE3D6}
	EndGlobalSection
EndGlobal
