<?xml version="1.0" encoding="utf-8"?>
<Project ToolsVersion="4.0" xmlns="http://schemas.microsoft.com/developer/msbuild/2003">
  <ItemGroup>
    <Object Include="x64\Debug\imgui.obj" />
    <Object Include="x64\Debug\imgui_demo.obj" />
    <Object Include="x64\Debug\imgui_draw.obj" />
    <Object Include="x64\Debug\imgui_impl_glfw.obj" />
    <Object Include="x64\Debug\imgui_tables.obj" />
    <Object Include="x64\Debug\imgui_widgets.obj" />
  </ItemGroup>
  <ItemGroup>
    <ClCompile Include="classes\mesh.cpp" />
    <ClCompile Include="classes\shader.cpp" />
    <ClCompile Include="classes\texture.cpp" />
    <ClCompile Include="classes\vec2.cpp" />
    <ClCompile Include="classes\vec3.cpp" />
    <ClCompile Include="dependencies\include\glm\glm.cppm" />
    <ClCompile Include="classes\drawobj.cpp" />
    <ClCompile Include="dependencies\include\imgui\imgui.cpp" />
    <ClCompile Include="dependencies\include\imgui\imgui_demo.cpp" />
    <ClCompile Include="dependencies\include\imgui\imgui_draw.cpp" />
    <ClCompile Include="dependencies\include\imgui\imgui_impl_glfw.cpp" />
    <ClCompile Include="dependencies\include\imgui\imgui_impl_opengl3.cpp" />
    <ClCompile Include="dependencies\include\imgui\imgui_tables.cpp" />
    <ClCompile Include="dependencies\include\imgui\imgui_widgets.cpp" />
    <ClCompile Include="errorGL.cpp" />
    <ClCompile Include="glad.c" />
    <ClCompile Include="classes\matt3.cpp" />
    <ClCompile Include="shaders\defaultshaders.cpp" />
    <ClCompile Include="shaders\frameshaders.cpp" />
    <ClCompile Include="stb.cpp" />
    <ClCompile Include="classes\ui.cpp" />
    <ClCompile Include="classes\character.cpp" />
    <ClCompile Include="shaders\uishader.cpp" />
    <ClCompile Include="classes\text.cpp" />
    <ClCompile Include="classes\object.cpp" />
  </ItemGroup>
  <ItemGroup>
    <ClInclude Include="classes\mesh.h" />
    <ClInclude Include="classes\shader.h" />
    <ClInclude Include="classes\texture.h" />
    <ClInclude Include="classes\vec2.h" />
    <ClInclude Include="classes\vec3.h" />
    <ClInclude Include="dependencies\include\glad\glad.h" />
    <ClInclude Include="dependencies\include\GLFW\glfw3.h" />
    <ClInclude Include="dependencies\include\GLFW\glfw3native.h" />
    <ClInclude Include="dependencies\include\glm\common.hpp" />
    <ClInclude Include="dependencies\include\glm\exponential.hpp" />
    <ClInclude Include="dependencies\include\glm\ext.hpp" />
    <ClInclude Include="dependencies\include\glm\fwd.hpp" />
    <ClInclude Include="dependencies\include\glm\geometric.hpp" />
    <ClInclude Include="dependencies\include\glm\glm.hpp" />
    <ClInclude Include="dependencies\include\glm\integer.hpp" />
    <ClInclude Include="dependencies\include\glm\mat2x2.hpp" />
    <ClInclude Include="dependencies\include\glm\mat2x3.hpp" />
    <ClInclude Include="dependencies\include\glm\mat2x4.hpp" />
    <ClInclude Include="dependencies\include\glm\mat3x2.hpp" />
    <ClInclude Include="dependencies\include\glm\mat3x3.hpp" />
    <ClInclude Include="dependencies\include\glm\mat3x4.hpp" />
    <ClInclude Include="dependencies\include\glm\mat4x2.hpp" />
    <ClInclude Include="dependencies\include\glm\mat4x3.hpp" />
    <ClInclude Include="dependencies\include\glm\mat4x4.hpp" />
    <ClInclude Include="dependencies\include\glm\matrix.hpp" />
    <ClInclude Include="dependencies\include\glm\packing.hpp" />
    <ClInclude Include="dependencies\include\glm\trigonometric.hpp" />
    <ClInclude Include="dependencies\include\glm\vec2.hpp" />
    <ClInclude Include="dependencies\include\glm\vec3.hpp" />
    <ClInclude Include="dependencies\include\glm\vec4.hpp" />
    <ClInclude Include="dependencies\include\glm\vector_relational.hpp" />
    <ClInclude Include="dependencies\include\imgui\imconfig.h" />
    <ClInclude Include="dependencies\include\imgui\imgui.h" />
    <ClInclude Include="dependencies\include\imgui\imgui_impl_glfw.h" />
    <ClInclude Include="dependencies\include\imgui\imgui_impl_opengl3.h" />
    <ClInclude Include="dependencies\include\imgui\imgui_impl_opengl3_loader.h" />
    <ClInclude Include="dependencies\include\imgui\imgui_internal.h" />
    <ClInclude Include="dependencies\include\imgui\imstb_rectpack.h" />
    <ClInclude Include="dependencies\include\imgui\imstb_textedit.h" />
    <ClInclude Include="dependencies\include\imgui\imstb_truetype.h" />
    <ClInclude Include="dependencies\include\json.h" />
    <ClInclude Include="dependencies\include\KHR\khrplatform.h" />
    <ClInclude Include="dependencies\include\stb_image.h" />
    <ClInclude Include="classes\matt3.h" />
    <ClInclude Include="classes\drawobj.h" />
    <ClInclude Include="classes\ui.h" />
    <ClInclude Include="dependencies\include\ft2build.h" />
    <ClInclude Include="dependencies\include\freetype\freetype.h" />
    <ClInclude Include="dependencies\include\freetype\ftadvanc.h" />
    <ClInclude Include="dependencies\include\freetype\ftautoh.h" />
    <ClInclude Include="dependencies\include\freetype\ftbbox.h" />
    <ClInclude Include="dependencies\include\freetype\ftbdf.h" />
    <ClInclude Include="dependencies\include\freetype\ftbitmap.h" />
    <ClInclude Include="dependencies\include\freetype\ftbzip2.h" />
    <ClInclude Include="dependencies\include\freetype\ftcache.h" />
    <ClInclude Include="dependencies\include\freetype\ftcffdrv.h" />
    <ClInclude Include="dependencies\include\freetype\ftchapters.h" />
    <ClInclude Include="dependencies\include\freetype\ftcid.h" />
    <ClInclude Include="dependencies\include\freetype\fterrdef.h" />
    <ClInclude Include="dependencies\include\freetype\fterrors.h" />
    <ClInclude Include="dependencies\include\freetype\ftfntfmt.h" />
    <ClInclude Include="dependencies\include\freetype\ftgasp.h" />
    <ClInclude Include="dependencies\include\freetype\ftglyph.h" />
    <ClInclude Include="dependencies\include\freetype\ftgxval.h" />
    <ClInclude Include="dependencies\include\freetype\ftgzip.h" />
    <ClInclude Include="dependencies\include\freetype\ftimage.h" />
    <ClInclude Include="dependencies\include\freetype\ftincrem.h" />
    <ClInclude Include="dependencies\include\freetype\ftlcdfil.h" />
    <ClInclude Include="dependencies\include\freetype\ftlist.h" />
    <ClInclude Include="dependencies\include\freetype\ftlzw.h" />
    <ClInclude Include="dependencies\include\freetype\ftmac.h" />
    <ClInclude Include="dependencies\include\freetype\ftmm.h" />
    <ClInclude Include="dependencies\include\freetype\ftmodapi.h" />
    <ClInclude Include="dependencies\include\freetype\ftmoderr.h" />
    <ClInclude Include="dependencies\include\freetype\ftotval.h" />
    <ClInclude Include="dependencies\include\freetype\ftoutln.h" />
    <ClInclude Include="dependencies\include\freetype\ftpfr.h" />
    <ClInclude Include="dependencies\include\freetype\ftrender.h" />
    <ClInclude Include="dependencies\include\freetype\ftsizes.h" />
    <ClInclude Include="dependencies\include\freetype\ftsnames.h" />
    <ClInclude Include="dependencies\include\freetype\ftstroke.h" />
    <ClInclude Include="dependencies\include\freetype\ftsynth.h" />
    <ClInclude Include="dependencies\include\freetype\ftsystem.h" />
    <ClInclude Include="dependencies\include\freetype\fttrigon.h" />
    <ClInclude Include="dependencies\include\freetype\ftttdrv.h" />
    <ClInclude Include="dependencies\include\freetype\fttypes.h" />
    <ClInclude Include="dependencies\include\freetype\ftwinfnt.h" />
    <ClInclude Include="dependencies\include\freetype\t1tables.h" />
    <ClInclude Include="dependencies\include\freetype\ttnameid.h" />
    <ClInclude Include="dependencies\include\freetype\tttables.h" />
    <ClInclude Include="dependencies\include\freetype\tttags.h" />
    <ClInclude Include="dependencies\include\freetype\ttunpat.h" />
    <ClInclude Include="classes\character.h" />
    <ClInclude Include="classes\text.h" />
    <ClInclude Include="classes\object.h" />
  </ItemGroup>
  <ItemGroup>
    <Library Include="dependencies\lib\glfw3.lib" />
    <Library Include="dependencies\lib\freetype.lib" />
  </ItemGroup>
  <ItemGroup>
    <Image Include="Textures\garss.png" />
    <Image Include="Textures\NULL.png" />
    <Image Include="Textures\pipoucrisp.png" />
    <Image Include="Textures\powpow.png" />
    <Image Include="Textures\scrap.png" />
    <Image Include="Textures\white.png" />
    <Image Include="Textures\whyyyyyGL -  Microsoft Visual Studio.png" />
  </ItemGroup>
  <ItemGroup>
    <None Include="meshes\crash.bin" />
    <None Include="meshes\sample.bin" />
    <None Include="meshes\spere.bin" />
    <None Include="meshes\cube.bin" />
    <None Include="meshes\simple.bin" />
  </ItemGroup>
  <ItemGroup>
    <Text Include="dependencies\include\glm\CMakeLists.txt" />
    <Text Include="dependencies\include\glm\copying.txt" />
    <Text Include="meshes\crash.txt" />
    <Text Include="meshes\cubee.txt" />
    <Text Include="meshes\cubi.txt" />
    <Text Include="meshes\gunno.txt" />
    <Text Include="meshes\hqsphere.txt" />
    <Text Include="meshes\pyramid.txt" />
    <Text Include="meshes\spere.txt" />
    <Text Include="meshes\terrain.txt" />
    <Text Include="bruh.txt" />
    <Text Include="misc\miscy_stuff.txt" />
    <Text Include="meshes\permaid.txt" />
    <Text Include="meshes\sqrpyro.txt" />
  </ItemGroup>
  <ItemGroup>
    <Font Include="fonts\comicsans.ttf" />
    <Font Include="fonts\comic.ttf" />
    <Font Include="fonts\arial.ttf" />
  </ItemGroup>
</Project>